
Microsoft Visual Studio Solution File, Format Version 12.00
# Visual Studio Version 17
VisualStudioVersion = 17.8.34330.188
MinimumVisualStudioVersion = 10.0.40219.1
Project("{FAE04EC0-301F-11D3-BF4B-00C04F79EFBC}") = "P08-ErrorHandling", "P08-ErrorHandling.csproj", "{B862522C-BC06-4D82-9D8C-16F4922B711B}"
EndProject
Global
	GlobalSection(SolutionConfigurationPlatforms) = preSolution
		Debug|Any CPU = Debug|Any CPU
		Release|Any CPU = Release|Any CPU
	EndGlobalSection
	GlobalSection(ProjectConfigurationPlatforms) = postSolution
		{B862522C-BC06-4D82-9D8C-16F4922B711B}.Debug|Any CPU.ActiveCfg = Debug|Any CPU
		{B862522C-BC06-4D82-9D8C-16F4922B711B}.Debug|Any CPU.Build.0 = Debug|Any CPU
		{B862522C-BC06-4D82-9D8C-16F4922B711B}.Release|Any CPU.ActiveCfg = Release|Any CPU
		{B862522C-BC06-4D82-9D8C-16F4922B711B}.Release|Any CPU.Build.0 = Release|Any CPU
	EndGlobalSection
	GlobalSection(SolutionProperties) = preSolution
		HideSolutionNode = FALSE
	EndGlobalSection
	GlobalSection(ExtensibilityGlobals) = postSolution
		SolutionGuid = {019BCBED-CE89-4241-A400-27977B116502}
	EndGlobalSection
EndGlobal
