
Microsoft Visual Studio Solution File, Format Version 12.00
# Visual Studio Version 17
VisualStudioVersion = 17.5.002.0
MinimumVisualStudioVersion = 10.0.40219.1
Project("{9A19103F-16F7-4668-BE54-9A1E7A4F7556}") = "Proje05_MVCIntro", "Proje05_MVCIntro.csproj", "{706F5470-F237-4B9E-A1DF-073ECF20153C}"
EndProject
Global
	GlobalSection(SolutionConfigurationPlatforms) = preSolution
		Debug|Any CPU = Debug|Any CPU
		Release|Any CPU = Release|Any CPU
	EndGlobalSection
	GlobalSection(ProjectConfigurationPlatforms) = postSolution
		{706F5470-F237-4B9E-A1DF-073ECF20153C}.Debug|Any CPU.ActiveCfg = Debug|Any CPU
		{706F5470-F237-4B9E-A1DF-073ECF20153C}.Debug|Any CPU.Build.0 = Debug|Any CPU
		{706F5470-F237-4B9E-A1DF-073ECF20153C}.Release|Any CPU.ActiveCfg = Release|Any CPU
		{706F5470-F237-4B9E-A1DF-073ECF20153C}.Release|Any CPU.Build.0 = Release|Any CPU
	EndGlobalSection
	GlobalSection(SolutionProperties) = preSolution
		HideSolutionNode = FALSE
	EndGlobalSection
	GlobalSection(ExtensibilityGlobals) = postSolution
		SolutionGuid = {B69789EC-129A-4CDD-BCB5-BA9134651047}
	EndGlobalSection
EndGlobal
