
Microsoft Visual Studio Solution File, Format Version 12.00
# Visual Studio Version 17
VisualStudioVersion = 17.8.34322.80
MinimumVisualStudioVersion = 10.0.40219.1
Project("{FAE04EC0-301F-11D3-BF4B-00C04F79EFBC}") = "P02-Variables", "P02-Variables.csproj", "{7FEDC08A-CC4B-417D-BD6D-1AFD3040591F}"
EndProject
Global
	GlobalSection(SolutionConfigurationPlatforms) = preSolution
		Debug|Any CPU = Debug|Any CPU
		Release|Any CPU = Release|Any CPU
	EndGlobalSection
	GlobalSection(ProjectConfigurationPlatforms) = postSolution
		{7FEDC08A-CC4B-417D-BD6D-1AFD3040591F}.Debug|Any CPU.ActiveCfg = Debug|Any CPU
		{7FEDC08A-CC4B-417D-BD6D-1AFD3040591F}.Debug|Any CPU.Build.0 = Debug|Any CPU
		{7FEDC08A-CC4B-417D-BD6D-1AFD3040591F}.Release|Any CPU.ActiveCfg = Release|Any CPU
		{7FEDC08A-CC4B-417D-BD6D-1AFD3040591F}.Release|Any CPU.Build.0 = Release|Any CPU
	EndGlobalSection
	GlobalSection(SolutionProperties) = preSolution
		HideSolutionNode = FALSE
	EndGlobalSection
	GlobalSection(ExtensibilityGlobals) = postSolution
		SolutionGuid = {3098C23D-94B6-4663-ABB1-493E73CA1A17}
	EndGlobalSection
EndGlobal
