
Microsoft Visual Studio Solution File, Format Version 12.00
# Visual Studio Version 17
VisualStudioVersion = 17.8.34330.188
MinimumVisualStudioVersion = 10.0.40219.1
Project("{FAE04EC0-301F-11D3-BF4B-00C04F79EFBC}") = "P09-Conditions", "P09-Conditions.csproj", "{5271C8E9-33EF-4D9D-9B0C-218618C5DD9F}"
EndProject
Global
	GlobalSection(SolutionConfigurationPlatforms) = preSolution
		Debug|Any CPU = Debug|Any CPU
		Release|Any CPU = Release|Any CPU
	EndGlobalSection
	GlobalSection(ProjectConfigurationPlatforms) = postSolution
		{5271C8E9-33EF-4D9D-9B0C-218618C5DD9F}.Debug|Any CPU.ActiveCfg = Debug|Any CPU
		{5271C8E9-33EF-4D9D-9B0C-218618C5DD9F}.Debug|Any CPU.Build.0 = Debug|Any CPU
		{5271C8E9-33EF-4D9D-9B0C-218618C5DD9F}.Release|Any CPU.ActiveCfg = Release|Any CPU
		{5271C8E9-33EF-4D9D-9B0C-218618C5DD9F}.Release|Any CPU.Build.0 = Release|Any CPU
	EndGlobalSection
	GlobalSection(SolutionProperties) = preSolution
		HideSolutionNode = FALSE
	EndGlobalSection
	GlobalSection(ExtensibilityGlobals) = postSolution
		SolutionGuid = {D8C3B0AD-7C7B-4589-B860-D5D0EC75FEE6}
	EndGlobalSection
EndGlobal
