
Microsoft Visual Studio Solution File, Format Version 12.00
# Visual Studio Version 17
VisualStudioVersion = 17.5.002.0
MinimumVisualStudioVersion = 10.0.40219.1
Project("{9A19103F-16F7-4668-BE54-9A1E7A4F7556}") = "Proj06_MvcWivcWithSql", "Proj06_MvcWivcWithSql.csproj", "{CEA67B54-055C-4FFE-9350-DFFA20034AE3}"
EndProject
Global
	GlobalSection(SolutionConfigurationPlatforms) = preSolution
		Debug|Any CPU = Debug|Any CPU
		Release|Any CPU = Release|Any CPU
	EndGlobalSection
	GlobalSection(ProjectConfigurationPlatforms) = postSolution
		{CEA67B54-055C-4FFE-9350-DFFA20034AE3}.Debug|Any CPU.ActiveCfg = Debug|Any CPU
		{CEA67B54-055C-4FFE-9350-DFFA20034AE3}.Debug|Any CPU.Build.0 = Debug|Any CPU
		{CEA67B54-055C-4FFE-9350-DFFA20034AE3}.Release|Any CPU.ActiveCfg = Release|Any CPU
		{CEA67B54-055C-4FFE-9350-DFFA20034AE3}.Release|Any CPU.Build.0 = Release|Any CPU
	EndGlobalSection
	GlobalSection(SolutionProperties) = preSolution
		HideSolutionNode = FALSE
	EndGlobalSection
	GlobalSection(ExtensibilityGlobals) = postSolution
		SolutionGuid = {1EBE2695-659A-49C4-A2C1-AB33C352EE95}
	EndGlobalSection
EndGlobal
